
Microsoft Visual Studio Solution File, Format Version 12.00
# Visual Studio 2013
VisualStudioVersion = 12.0.21005.1
MinimumVisualStudioVersion = 10.0.40219.1
Project("{FAE04EC0-301F-11D3-BF4B-00C04F79EFBC}") = "m75d8", "m75d8\m75d8.csproj", "{B9272AC5-8FF0-4DAA-B052-0D0E97590873}"
EndProject
Project("{FAE04EC0-301F-11D3-BF4B-00C04F79EFBC}") = "ISLibrary", "..\ISLibrary\ISLibrary.csproj", "{EA13261F-AED0-4C4F-8935-36C26F45D285}"
EndProject
Global
	GlobalSection(SolutionConfigurationPlatforms) = preSolution
		Debug|Any CPU = Debug|Any CPU
		Release|Any CPU = Release|Any CPU
	EndGlobalSection
	GlobalSection(ProjectConfigurationPlatforms) = postSolution
		{B9272AC5-8FF0-4DAA-B052-0D0E97590873}.Debug|Any CPU.ActiveCfg = Debug|Any CPU
		{B9272AC5-8FF0-4DAA-B052-0D0E97590873}.Debug|Any CPU.Build.0 = Debug|Any CPU
		{B9272AC5-8FF0-4DAA-B052-0D0E97590873}.Release|Any CPU.ActiveCfg = Release|Any CPU
		{B9272AC5-8FF0-4DAA-B052-0D0E97590873}.Release|Any CPU.Build.0 = Release|Any CPU
		{EA13261F-AED0-4C4F-8935-36C26F45D285}.Debug|Any CPU.ActiveCfg = Debug|Any CPU
		{EA13261F-AED0-4C4F-8935-36C26F45D285}.Debug|Any CPU.Build.0 = Debug|Any CPU
		{EA13261F-AED0-4C4F-8935-36C26F45D285}.Release|Any CPU.ActiveCfg = Release|Any CPU
		{EA13261F-AED0-4C4F-8935-36C26F45D285}.Release|Any CPU.Build.0 = Release|Any CPU
	EndGlobalSection
	GlobalSection(SolutionProperties) = preSolution
		HideSolutionNode = FALSE
	EndGlobalSection
EndGlobal
